
Microsoft Visual Studio Solution File, Format Version 12.00
Project("{FAE04EC0-301F-11D3-BF4B-00C04F79EFBC}") = "Chess.ConsolePresentation", "Chess.ConsolePresentation\Chess.ConsolePresentation.csproj", "{73BD94F9-F497-4265-A5E8-4928E64B7541}"
EndProject
Project("{FAE04EC0-301F-11D3-BF4B-00C04F79EFBC}") = "Chess.Application", "Chess.Application\Chess.Application.csproj", "{C75AF378-3B33-4784-B4A9-EC08F97FFC67}"
EndProject
Global
	GlobalSection(SolutionConfigurationPlatforms) = preSolution
		Debug|Any CPU = Debug|Any CPU
		Release|Any CPU = Release|Any CPU
	EndGlobalSection
	GlobalSection(ProjectConfigurationPlatforms) = postSolution
		{73BD94F9-F497-4265-A5E8-4928E64B7541}.Debug|Any CPU.ActiveCfg = Debug|Any CPU
		{73BD94F9-F497-4265-A5E8-4928E64B7541}.Debug|Any CPU.Build.0 = Debug|Any CPU
		{73BD94F9-F497-4265-A5E8-4928E64B7541}.Release|Any CPU.ActiveCfg = Release|Any CPU
		{73BD94F9-F497-4265-A5E8-4928E64B7541}.Release|Any CPU.Build.0 = Release|Any CPU
		{C75AF378-3B33-4784-B4A9-EC08F97FFC67}.Debug|Any CPU.ActiveCfg = Debug|Any CPU
		{C75AF378-3B33-4784-B4A9-EC08F97FFC67}.Debug|Any CPU.Build.0 = Debug|Any CPU
		{C75AF378-3B33-4784-B4A9-EC08F97FFC67}.Release|Any CPU.ActiveCfg = Release|Any CPU
		{C75AF378-3B33-4784-B4A9-EC08F97FFC67}.Release|Any CPU.Build.0 = Release|Any CPU
	EndGlobalSection
EndGlobal
